
Microsoft Visual Studio Solution File, Format Version 12.00
# Visual Studio Version 17
VisualStudioVersion = 17.6.33717.318
MinimumVisualStudioVersion = 10.0.40219.1
Project("{888888A0-9F3D-457C-B088-3A5042F75D52}") = "Lesson 9 DZ", "Lesson 9 DZ.pyproj", "{107DA655-14EE-4474-974F-688E2195F831}"
EndProject
Global
	GlobalSection(SolutionConfigurationPlatforms) = preSolution
		Debug|Any CPU = Debug|Any CPU
		Release|Any CPU = Release|Any CPU
	EndGlobalSection
	GlobalSection(ProjectConfigurationPlatforms) = postSolution
		{107DA655-14EE-4474-974F-688E2195F831}.Debug|Any CPU.ActiveCfg = Debug|Any CPU
		{107DA655-14EE-4474-974F-688E2195F831}.Release|Any CPU.ActiveCfg = Release|Any CPU
	EndGlobalSection
	GlobalSection(SolutionProperties) = preSolution
		HideSolutionNode = FALSE
	EndGlobalSection
	GlobalSection(ExtensibilityGlobals) = postSolution
		SolutionGuid = {AFFA0491-8109-4A4C-BE3E-AB33B76C86EA}
	EndGlobalSection
EndGlobal
